
Microsoft Visual Studio Solution File, Format Version 12.00
# Visual Studio Version 16
VisualStudioVersion = 16.0.29509.3
MinimumVisualStudioVersion = 10.0.40219.1
Project("{9A19103F-16F7-4668-BE54-9A1E7A4F7556}") = "GitFun.API", "GitFun.API.csproj", "{A32500EE-ECE2-42DC-A406-7F06320FD4BC}"
EndProject
Global
	GlobalSection(SolutionConfigurationPlatforms) = preSolution
		Debug|Any CPU = Debug|Any CPU
		Release|Any CPU = Release|Any CPU
	EndGlobalSection
	GlobalSection(ProjectConfigurationPlatforms) = postSolution
		{A32500EE-ECE2-42DC-A406-7F06320FD4BC}.Debug|Any CPU.ActiveCfg = Debug|Any CPU
		{A32500EE-ECE2-42DC-A406-7F06320FD4BC}.Debug|Any CPU.Build.0 = Debug|Any CPU
		{A32500EE-ECE2-42DC-A406-7F06320FD4BC}.Release|Any CPU.ActiveCfg = Release|Any CPU
		{A32500EE-ECE2-42DC-A406-7F06320FD4BC}.Release|Any CPU.Build.0 = Release|Any CPU
	EndGlobalSection
	GlobalSection(SolutionProperties) = preSolution
		HideSolutionNode = FALSE
	EndGlobalSection
	GlobalSection(ExtensibilityGlobals) = postSolution
		SolutionGuid = {36C812F0-6112-464D-929A-7B57C1A72C72}
	EndGlobalSection
EndGlobal
